
Microsoft Visual Studio Solution File, Format Version 12.00
# Visual Studio Version 17
VisualStudioVersion = 17.11.35327.3
MinimumVisualStudioVersion = 10.0.40219.1
Project("{FAE04EC0-301F-11D3-BF4B-00C04F79EFBC}") = "Verify Cloud Connection", "Verify Cloud Connection\Verify Cloud Connection.csproj", "{B8A23839-FA91-41AD-A9FC-54F66C9C2F8D}"
EndProject
Project("{2150E333-8FDC-42A3-9474-1A3956D46DE8}") = "Internal", "Internal", "{EBE8AF7C-BF39-42EF-98C8-357951BA8BCF}"
EndProject
Project("{2150E333-8FDC-42A3-9474-1A3956D46DE8}") = "Code Analysis", "Code Analysis", "{A0333021-370F-4A50-9A42-62CCDC2DE4B3}"
	ProjectSection(SolutionItems) = preProject
		Internal\Code Analysis\qaction-debug.ruleset = Internal\Code Analysis\qaction-debug.ruleset
		Internal\Code Analysis\qaction-release.ruleset = Internal\Code Analysis\qaction-release.ruleset
		Internal\Code Analysis\stylecop.json = Internal\Code Analysis\stylecop.json
	EndProjectSection
EndProject
Global
	GlobalSection(SolutionConfigurationPlatforms) = preSolution
		Debug|Any CPU = Debug|Any CPU
		Release|Any CPU = Release|Any CPU
	EndGlobalSection
	GlobalSection(ProjectConfigurationPlatforms) = postSolution
		{B8A23839-FA91-41AD-A9FC-54F66C9C2F8D}.Debug|Any CPU.ActiveCfg = Debug|Any CPU
		{B8A23839-FA91-41AD-A9FC-54F66C9C2F8D}.Debug|Any CPU.Build.0 = Debug|Any CPU
		{B8A23839-FA91-41AD-A9FC-54F66C9C2F8D}.Release|Any CPU.ActiveCfg = Release|Any CPU
		{B8A23839-FA91-41AD-A9FC-54F66C9C2F8D}.Release|Any CPU.Build.0 = Release|Any CPU
	EndGlobalSection
	GlobalSection(SolutionProperties) = preSolution
		HideSolutionNode = FALSE
	EndGlobalSection
	GlobalSection(NestedProjects) = preSolution
		{A0333021-370F-4A50-9A42-62CCDC2DE4B3} = {EBE8AF7C-BF39-42EF-98C8-357951BA8BCF}
	EndGlobalSection
	GlobalSection(ExtensibilityGlobals) = postSolution
		SolutionGuid = {C33AED17-83DC-478A-8D6C-28B8A0BC8FDC}
	EndGlobalSection
EndGlobal
